
Microsoft Visual Studio Solution File, Format Version 12.00
# Visual Studio Version 17
VisualStudioVersion = 17.11.35312.102
MinimumVisualStudioVersion = 10.0.40219.1
Project("{888888A0-9F3D-457C-B088-3A5042F75D52}") = "synergy2", "synergy2.pyproj", "{C6607066-ECEB-45DA-9E6D-B5099444EC5B}"
EndProject
Global
	GlobalSection(SolutionConfigurationPlatforms) = preSolution
		Debug|Any CPU = Debug|Any CPU
		Release|Any CPU = Release|Any CPU
	EndGlobalSection
	GlobalSection(ProjectConfigurationPlatforms) = postSolution
		{C6607066-ECEB-45DA-9E6D-B5099444EC5B}.Debug|Any CPU.ActiveCfg = Debug|Any CPU
		{C6607066-ECEB-45DA-9E6D-B5099444EC5B}.Release|Any CPU.ActiveCfg = Release|Any CPU
	EndGlobalSection
	GlobalSection(SolutionProperties) = preSolution
		HideSolutionNode = FALSE
	EndGlobalSection
	GlobalSection(ExtensibilityGlobals) = postSolution
		SolutionGuid = {1EAF0E29-1162-434C-8721-A501072454CC}
	EndGlobalSection
EndGlobal
